
Microsoft Visual Studio Solution File, Format Version 12.00
# Visual Studio Version 17
VisualStudioVersion = 17.1.32210.238
MinimumVisualStudioVersion = 10.0.40219.1
Project("{FAE04EC0-301F-11D3-BF4B-00C04F79EFBC}") = "WIYN", "WIYN.csproj", "{574E2629-54D3-4E6D-B824-8D1C71373ADB}"
EndProject
Global
	GlobalSection(SolutionConfigurationPlatforms) = preSolution
		Debug|Any CPU = Debug|Any CPU
		Release|Any CPU = Release|Any CPU
	EndGlobalSection
	GlobalSection(ProjectConfigurationPlatforms) = postSolution
		{574E2629-54D3-4E6D-B824-8D1C71373ADB}.Debug|Any CPU.ActiveCfg = Debug|Any CPU
		{574E2629-54D3-4E6D-B824-8D1C71373ADB}.Debug|Any CPU.Build.0 = Debug|Any CPU
		{574E2629-54D3-4E6D-B824-8D1C71373ADB}.Release|Any CPU.ActiveCfg = Release|Any CPU
		{574E2629-54D3-4E6D-B824-8D1C71373ADB}.Release|Any CPU.Build.0 = Release|Any CPU
	EndGlobalSection
	GlobalSection(SolutionProperties) = preSolution
		HideSolutionNode = FALSE
	EndGlobalSection
	GlobalSection(ExtensibilityGlobals) = postSolution
		SolutionGuid = {F14ADF9C-1A54-43AA-A73E-CD9DCA09829C}
	EndGlobalSection
EndGlobal
